
Microsoft Visual Studio Solution File, Format Version 10.00
# Visual Studio 2008
Project("{FAE04EC0-301F-11D3-BF4B-00C04F79EFBC}") = "GameClay.Dust_Mono", "Dust\GameClay.Dust_Mono.csproj", "{0E44AB3B-39B3-4E9C-8611-D75922AFF759}"
EndProject
Project("{FAE04EC0-301F-11D3-BF4B-00C04F79EFBC}") = "DustBuster_Mono", "DustBuster\DustBuster_Mono.csproj", "{C76AE4AE-5381-4DEE-B1FE-5910EF0689DD}"
EndProject
Project("{FAE04EC0-301F-11D3-BF4B-00C04F79EFBC}") = "GameClay.Dust.Mono_Mono", "Dust\Mono\GameClay.Dust.Mono_Mono.csproj", "{E0C31595-A06D-4C38-8C6E-38E1BDFABE61}"
EndProject
Project("{FAE04EC0-301F-11D3-BF4B-00C04F79EFBC}") = "GameClay.Dust.Unsafe_Mono", "Dust\Unsafe\GameClay.Dust.Unsafe_Mono.csproj", "{E0C31595-A06D-4C38-8C6E-38E1BDFABE61}"
EndProject
Global
	GlobalSection(SolutionConfigurationPlatforms) = preSolution
		Debug|Any CPU = Debug|Any CPU
		Release|Any CPU = Release|Any CPU
	EndGlobalSection
	GlobalSection(ProjectConfigurationPlatforms) = postSolution
		{0E44AB3B-39B3-4E9C-8611-D75922AFF759}.Debug|Any CPU.ActiveCfg = Debug|Any CPU
		{0E44AB3B-39B3-4E9C-8611-D75922AFF759}.Debug|Any CPU.Build.0 = Debug|Any CPU
		{0E44AB3B-39B3-4E9C-8611-D75922AFF759}.Release|Any CPU.ActiveCfg = Release|Any CPU
		{0E44AB3B-39B3-4E9C-8611-D75922AFF759}.Release|Any CPU.Build.0 = Release|Any CPU
		{C76AE4AE-5381-4DEE-B1FE-5910EF0689DD}.Debug|Any CPU.ActiveCfg = Debug|Any CPU
		{C76AE4AE-5381-4DEE-B1FE-5910EF0689DD}.Debug|Any CPU.Build.0 = Debug|Any CPU
		{C76AE4AE-5381-4DEE-B1FE-5910EF0689DD}.Release|Any CPU.ActiveCfg = Release|Any CPU
		{C76AE4AE-5381-4DEE-B1FE-5910EF0689DD}.Release|Any CPU.Build.0 = Release|Any CPU
		{E0C31595-A06D-4C38-8C6E-38E1BDFABE61}.Debug|Any CPU.ActiveCfg = Debug|Any CPU
		{E0C31595-A06D-4C38-8C6E-38E1BDFABE61}.Debug|Any CPU.ActiveCfg = Debug|Any CPU
		{E0C31595-A06D-4C38-8C6E-38E1BDFABE61}.Debug|Any CPU.Build.0 = Debug|Any CPU
		{E0C31595-A06D-4C38-8C6E-38E1BDFABE61}.Debug|Any CPU.Build.0 = Debug|Any CPU
		{E0C31595-A06D-4C38-8C6E-38E1BDFABE61}.Release|Any CPU.ActiveCfg = Release|Any CPU
		{E0C31595-A06D-4C38-8C6E-38E1BDFABE61}.Release|Any CPU.ActiveCfg = Release|Any CPU
		{E0C31595-A06D-4C38-8C6E-38E1BDFABE61}.Release|Any CPU.Build.0 = Release|Any CPU
		{E0C31595-A06D-4C38-8C6E-38E1BDFABE61}.Release|Any CPU.Build.0 = Release|Any CPU
	EndGlobalSection
	GlobalSection(MonoDevelopProperties) = preSolution
		StartupItem = DustBuster\DustBuster_Mono.csproj
		Policies = $0
		$0.TextStylePolicy = $1
		$1.FileWidth = 120
		$1.NoTabsAfterNonTabs = True
		$1.RemoveTrailingWhitespace = True
		$1.inheritsSet = VisualStudio
		$1.inheritsScope = text/plain
		$1.scope = text/x-csharp
		$0.CSharpFormattingPolicy = $2
		$2.inheritsSet = Mono
		$2.inheritsScope = text/x-csharp
		$2.scope = text/x-csharp
		$0.TextStylePolicy = $3
		$3.FileWidth = 120
		$3.NoTabsAfterNonTabs = True
		$3.RemoveTrailingWhitespace = True
		$3.inheritsSet = VisualStudio
		$3.inheritsScope = text/plain
		$3.scope = text/plain
	EndGlobalSection
EndGlobal
